
Microsoft Visual Studio Solution File, Format Version 12.00
# Visual Studio 15
VisualStudioVersion = 15.0.27428.2015
MinimumVisualStudioVersion = 10.0.40219.1
Project("{2150E333-8FDC-42A3-9474-1A3956D46DE8}") = "Tests", "Tests", "{0EFFA55B-756C-48FC-AEFA-5F9B398F1B1A}"
EndProject
Project("{9A19103F-16F7-4668-BE54-9A1E7A4F7556}") = "ClientTestConsoleApp", "ClientTestConsoleApp\ClientTestConsoleApp.csproj", "{14DCDC57-D9FA-45C4-AEA6-A0A471A57AB6}"
EndProject
Project("{FAE04EC0-301F-11D3-BF4B-00C04F79EFBC}") = "RecipeService.UnitTests", "CookingCornerService.UnitTests\RecipeService.UnitTests.csproj", "{463B79E1-81DC-4755-907E-A10A21DBD14E}"
EndProject
Project("{2150E333-8FDC-42A3-9474-1A3956D46DE8}") = "Api", "Api", "{3208B166-6022-4FC4-BFA8-8BCC7007D7C6}"
EndProject
Project("{2150E333-8FDC-42A3-9474-1A3956D46DE8}") = "DataAccess", "DataAccess", "{20F96A58-4A44-4FC1-92A6-A03172F201DE}"
EndProject
Project("{FAE04EC0-301F-11D3-BF4B-00C04F79EFBC}") = "CookingCornerApi", "CookingCornerApi\CookingCornerApi.csproj", "{83D33831-9D2C-4F81-8F09-B51F791C0B2E}"
EndProject
Project("{FAE04EC0-301F-11D3-BF4B-00C04F79EFBC}") = "FoodRecipeService", "FoodRecipeService\FoodRecipeService.csproj", "{9D0CE16E-062C-425B-A7FB-9FA2F2252EA0}"
EndProject
Project("{FAE04EC0-301F-11D3-BF4B-00C04F79EFBC}") = "ProductServiceTests.UnitTests", "ProductServiceTests.UnitTests\ProductServiceTests.UnitTests.csproj", "{55E39290-382F-44FD-B07C-07F656AF7393}"
EndProject
Project("{FAE04EC0-301F-11D3-BF4B-00C04F79EFBC}") = "RecipeService.IntegrationTests", "RecipeService.IntegrationTests\RecipeService.IntegrationTests.csproj", "{17590347-B268-469F-B943-573F7824C9C1}"
EndProject
Project("{FAE04EC0-301F-11D3-BF4B-00C04F79EFBC}") = "TestBase", "TestBase\TestBase.csproj", "{FA18761C-224D-4F9A-9E15-66B59A979408}"
EndProject
Project("{2150E333-8FDC-42A3-9474-1A3956D46DE8}") = "Integration", "Integration", "{BC6FB88F-704B-44BB-A14E-198D305C9DC5}"
EndProject
Project("{2150E333-8FDC-42A3-9474-1A3956D46DE8}") = "Unit", "Unit", "{F1147847-33A4-46C7-823C-A61BF0016960}"
EndProject
Global
	GlobalSection(SolutionConfigurationPlatforms) = preSolution
		Debug|Any CPU = Debug|Any CPU
		Release|Any CPU = Release|Any CPU
	EndGlobalSection
	GlobalSection(ProjectConfigurationPlatforms) = postSolution
		{14DCDC57-D9FA-45C4-AEA6-A0A471A57AB6}.Debug|Any CPU.ActiveCfg = Debug|Any CPU
		{14DCDC57-D9FA-45C4-AEA6-A0A471A57AB6}.Debug|Any CPU.Build.0 = Debug|Any CPU
		{14DCDC57-D9FA-45C4-AEA6-A0A471A57AB6}.Release|Any CPU.ActiveCfg = Release|Any CPU
		{14DCDC57-D9FA-45C4-AEA6-A0A471A57AB6}.Release|Any CPU.Build.0 = Release|Any CPU
		{463B79E1-81DC-4755-907E-A10A21DBD14E}.Debug|Any CPU.ActiveCfg = Debug|Any CPU
		{463B79E1-81DC-4755-907E-A10A21DBD14E}.Debug|Any CPU.Build.0 = Debug|Any CPU
		{463B79E1-81DC-4755-907E-A10A21DBD14E}.Release|Any CPU.ActiveCfg = Release|Any CPU
		{463B79E1-81DC-4755-907E-A10A21DBD14E}.Release|Any CPU.Build.0 = Release|Any CPU
		{83D33831-9D2C-4F81-8F09-B51F791C0B2E}.Debug|Any CPU.ActiveCfg = Debug|Any CPU
		{83D33831-9D2C-4F81-8F09-B51F791C0B2E}.Debug|Any CPU.Build.0 = Debug|Any CPU
		{83D33831-9D2C-4F81-8F09-B51F791C0B2E}.Release|Any CPU.ActiveCfg = Release|Any CPU
		{83D33831-9D2C-4F81-8F09-B51F791C0B2E}.Release|Any CPU.Build.0 = Release|Any CPU
		{9D0CE16E-062C-425B-A7FB-9FA2F2252EA0}.Debug|Any CPU.ActiveCfg = Debug|Any CPU
		{9D0CE16E-062C-425B-A7FB-9FA2F2252EA0}.Debug|Any CPU.Build.0 = Debug|Any CPU
		{9D0CE16E-062C-425B-A7FB-9FA2F2252EA0}.Release|Any CPU.ActiveCfg = Release|Any CPU
		{9D0CE16E-062C-425B-A7FB-9FA2F2252EA0}.Release|Any CPU.Build.0 = Release|Any CPU
		{55E39290-382F-44FD-B07C-07F656AF7393}.Debug|Any CPU.ActiveCfg = Debug|Any CPU
		{55E39290-382F-44FD-B07C-07F656AF7393}.Debug|Any CPU.Build.0 = Debug|Any CPU
		{55E39290-382F-44FD-B07C-07F656AF7393}.Release|Any CPU.ActiveCfg = Release|Any CPU
		{55E39290-382F-44FD-B07C-07F656AF7393}.Release|Any CPU.Build.0 = Release|Any CPU
		{17590347-B268-469F-B943-573F7824C9C1}.Debug|Any CPU.ActiveCfg = Debug|Any CPU
		{17590347-B268-469F-B943-573F7824C9C1}.Debug|Any CPU.Build.0 = Debug|Any CPU
		{17590347-B268-469F-B943-573F7824C9C1}.Release|Any CPU.ActiveCfg = Release|Any CPU
		{17590347-B268-469F-B943-573F7824C9C1}.Release|Any CPU.Build.0 = Release|Any CPU
		{FA18761C-224D-4F9A-9E15-66B59A979408}.Debug|Any CPU.ActiveCfg = Debug|Any CPU
		{FA18761C-224D-4F9A-9E15-66B59A979408}.Debug|Any CPU.Build.0 = Debug|Any CPU
		{FA18761C-224D-4F9A-9E15-66B59A979408}.Release|Any CPU.ActiveCfg = Release|Any CPU
		{FA18761C-224D-4F9A-9E15-66B59A979408}.Release|Any CPU.Build.0 = Release|Any CPU
	EndGlobalSection
	GlobalSection(SolutionProperties) = preSolution
		HideSolutionNode = FALSE
	EndGlobalSection
	GlobalSection(NestedProjects) = preSolution
		{14DCDC57-D9FA-45C4-AEA6-A0A471A57AB6} = {BC6FB88F-704B-44BB-A14E-198D305C9DC5}
		{463B79E1-81DC-4755-907E-A10A21DBD14E} = {F1147847-33A4-46C7-823C-A61BF0016960}
		{83D33831-9D2C-4F81-8F09-B51F791C0B2E} = {3208B166-6022-4FC4-BFA8-8BCC7007D7C6}
		{9D0CE16E-062C-425B-A7FB-9FA2F2252EA0} = {20F96A58-4A44-4FC1-92A6-A03172F201DE}
		{55E39290-382F-44FD-B07C-07F656AF7393} = {F1147847-33A4-46C7-823C-A61BF0016960}
		{17590347-B268-469F-B943-573F7824C9C1} = {BC6FB88F-704B-44BB-A14E-198D305C9DC5}
		{FA18761C-224D-4F9A-9E15-66B59A979408} = {0EFFA55B-756C-48FC-AEFA-5F9B398F1B1A}
		{BC6FB88F-704B-44BB-A14E-198D305C9DC5} = {0EFFA55B-756C-48FC-AEFA-5F9B398F1B1A}
		{F1147847-33A4-46C7-823C-A61BF0016960} = {0EFFA55B-756C-48FC-AEFA-5F9B398F1B1A}
	EndGlobalSection
	GlobalSection(ExtensibilityGlobals) = postSolution
		SolutionGuid = {7B81875A-3544-4E1C-BD14-574C696497D5}
	EndGlobalSection
EndGlobal
