
Microsoft Visual Studio Solution File, Format Version 12.00
# Visual Studio 15
VisualStudioVersion = 15.0.27428.2015
MinimumVisualStudioVersion = 10.0.40219.1
Project("{2150E333-8FDC-42A3-9474-1A3956D46DE8}") = "Tests", "Tests", "{0EFFA55B-756C-48FC-AEFA-5F9B398F1B1A}"
EndProject
Project("{2150E333-8FDC-42A3-9474-1A3956D46DE8}") = "Console", "Console", "{41B90D68-E363-4F79-918C-43864DF8E24C}"
EndProject
Project("{9A19103F-16F7-4668-BE54-9A1E7A4F7556}") = "ClientTestConsoleApp", "ClientTestConsoleApp\ClientTestConsoleApp.csproj", "{14DCDC57-D9FA-45C4-AEA6-A0A471A57AB6}"
EndProject
Project("{FAE04EC0-301F-11D3-BF4B-00C04F79EFBC}") = "CookingCornerService", "CookingCornerService\CookingCornerService.csproj", "{0011EB61-E65C-4776-AC62-CF6248ECBAC8}"
EndProject
Project("{FAE04EC0-301F-11D3-BF4B-00C04F79EFBC}") = "CookingCornerService.UnitTests", "CookingCornerService.UnitTests\CookingCornerService.UnitTests.csproj", "{463B79E1-81DC-4755-907E-A10A21DBD14E}"
EndProject
Global
	GlobalSection(SolutionConfigurationPlatforms) = preSolution
		Debug|Any CPU = Debug|Any CPU
		Release|Any CPU = Release|Any CPU
	EndGlobalSection
	GlobalSection(ProjectConfigurationPlatforms) = postSolution
		{14DCDC57-D9FA-45C4-AEA6-A0A471A57AB6}.Debug|Any CPU.ActiveCfg = Debug|Any CPU
		{14DCDC57-D9FA-45C4-AEA6-A0A471A57AB6}.Debug|Any CPU.Build.0 = Debug|Any CPU
		{14DCDC57-D9FA-45C4-AEA6-A0A471A57AB6}.Release|Any CPU.ActiveCfg = Release|Any CPU
		{14DCDC57-D9FA-45C4-AEA6-A0A471A57AB6}.Release|Any CPU.Build.0 = Release|Any CPU
		{0011EB61-E65C-4776-AC62-CF6248ECBAC8}.Debug|Any CPU.ActiveCfg = Debug|Any CPU
		{0011EB61-E65C-4776-AC62-CF6248ECBAC8}.Debug|Any CPU.Build.0 = Debug|Any CPU
		{0011EB61-E65C-4776-AC62-CF6248ECBAC8}.Release|Any CPU.ActiveCfg = Release|Any CPU
		{0011EB61-E65C-4776-AC62-CF6248ECBAC8}.Release|Any CPU.Build.0 = Release|Any CPU
		{463B79E1-81DC-4755-907E-A10A21DBD14E}.Debug|Any CPU.ActiveCfg = Debug|Any CPU
		{463B79E1-81DC-4755-907E-A10A21DBD14E}.Debug|Any CPU.Build.0 = Debug|Any CPU
		{463B79E1-81DC-4755-907E-A10A21DBD14E}.Release|Any CPU.ActiveCfg = Release|Any CPU
		{463B79E1-81DC-4755-907E-A10A21DBD14E}.Release|Any CPU.Build.0 = Release|Any CPU
	EndGlobalSection
	GlobalSection(SolutionProperties) = preSolution
		HideSolutionNode = FALSE
	EndGlobalSection
	GlobalSection(NestedProjects) = preSolution
		{14DCDC57-D9FA-45C4-AEA6-A0A471A57AB6} = {0EFFA55B-756C-48FC-AEFA-5F9B398F1B1A}
		{463B79E1-81DC-4755-907E-A10A21DBD14E} = {0EFFA55B-756C-48FC-AEFA-5F9B398F1B1A}
	EndGlobalSection
	GlobalSection(ExtensibilityGlobals) = postSolution
		SolutionGuid = {7B81875A-3544-4E1C-BD14-574C696497D5}
	EndGlobalSection
EndGlobal
